
Microsoft Visual Studio Solution File, Format Version 12.00
# Visual Studio Version 16
VisualStudioVersion = 16.0.30114.105
MinimumVisualStudioVersion = 10.0.40219.1
Project("{FAE04EC0-301F-11D3-BF4B-00C04F79EFBC}") = "DemoConsole", "DemoConsole\DemoConsole.csproj", "{776E85AD-68D3-4A26-854A-17C8030437EB}"
EndProject
Project("{FAE04EC0-301F-11D3-BF4B-00C04F79EFBC}") = "DemoApi", "DemoApi\DemoApi.csproj", "{97B7D8DD-3E18-40DF-9D48-9EE3C7B166F8}"
EndProject
Global
	GlobalSection(SolutionConfigurationPlatforms) = preSolution
		Debug|Any CPU = Debug|Any CPU
		Release|Any CPU = Release|Any CPU
	EndGlobalSection
	GlobalSection(SolutionProperties) = preSolution
		HideSolutionNode = FALSE
	EndGlobalSection
	GlobalSection(ProjectConfigurationPlatforms) = postSolution
		{776E85AD-68D3-4A26-854A-17C8030437EB}.Debug|Any CPU.ActiveCfg = Debug|Any CPU
		{776E85AD-68D3-4A26-854A-17C8030437EB}.Debug|Any CPU.Build.0 = Debug|Any CPU
		{776E85AD-68D3-4A26-854A-17C8030437EB}.Release|Any CPU.ActiveCfg = Release|Any CPU
		{776E85AD-68D3-4A26-854A-17C8030437EB}.Release|Any CPU.Build.0 = Release|Any CPU
		{97B7D8DD-3E18-40DF-9D48-9EE3C7B166F8}.Debug|Any CPU.ActiveCfg = Debug|Any CPU
		{97B7D8DD-3E18-40DF-9D48-9EE3C7B166F8}.Debug|Any CPU.Build.0 = Debug|Any CPU
		{97B7D8DD-3E18-40DF-9D48-9EE3C7B166F8}.Release|Any CPU.ActiveCfg = Release|Any CPU
		{97B7D8DD-3E18-40DF-9D48-9EE3C7B166F8}.Release|Any CPU.Build.0 = Release|Any CPU
	EndGlobalSection
EndGlobal
